
Microsoft Visual Studio Solution File, Format Version 12.00
# Visual Studio 2017
Project("{FAE04EC0-301F-11D3-BF4B-00C04F79EFBC}") = "Voxelmetric", "Voxelmetric.csproj", "{3DC88A18-521F-33F7-5040-C86CF3789DBC}"
EndProject
Project("{FAE04EC0-301F-11D3-BF4B-00C04F79EFBC}") = "Voxelmetric.Editor", "Voxelmetric.Editor.csproj", "{9E181D00-604E-E442-F699-8FF7F50696FD}"
EndProject
Global
	GlobalSection(SolutionConfigurationPlatforms) = preSolution
		Debug|Any CPU = Debug|Any CPU
		Release|Any CPU = Release|Any CPU
	EndGlobalSection
	GlobalSection(ProjectConfigurationPlatforms) = postSolution
		{3DC88A18-521F-33F7-5040-C86CF3789DBC}.Debug|Any CPU.ActiveCfg = Debug|Any CPU
		{3DC88A18-521F-33F7-5040-C86CF3789DBC}.Debug|Any CPU.Build.0 = Debug|Any CPU
		{3DC88A18-521F-33F7-5040-C86CF3789DBC}.Release|Any CPU.ActiveCfg = Release|Any CPU
		{3DC88A18-521F-33F7-5040-C86CF3789DBC}.Release|Any CPU.Build.0 = Release|Any CPU
		{9E181D00-604E-E442-F699-8FF7F50696FD}.Debug|Any CPU.ActiveCfg = Debug|Any CPU
		{9E181D00-604E-E442-F699-8FF7F50696FD}.Debug|Any CPU.Build.0 = Debug|Any CPU
		{9E181D00-604E-E442-F699-8FF7F50696FD}.Release|Any CPU.ActiveCfg = Release|Any CPU
		{9E181D00-604E-E442-F699-8FF7F50696FD}.Release|Any CPU.Build.0 = Release|Any CPU
	EndGlobalSection
	GlobalSection(SolutionProperties) = preSolution
		HideSolutionNode = FALSE
	EndGlobalSection
EndGlobal
